
Microsoft Visual Studio Solution File, Format Version 12.00
# Visual Studio Version 17
VisualStudioVersion = 17.7.34221.43
MinimumVisualStudioVersion = 10.0.40219.1
Project("{FAE04EC0-301F-11D3-BF4B-00C04F79EFBC}") = "TransformarDateTime", "TransformarDateTime.csproj", "{0C05B4C5-C70B-4709-B9EB-167B9436FE90}"
EndProject
Project("{FAE04EC0-301F-11D3-BF4B-00C04F79EFBC}") = "TransformDataTest", "..\TransformDataTest\TransformDataTest.csproj", "{92B340E2-FBC7-4F79-8193-5B8E36F05AD9}"
EndProject
Global
	GlobalSection(SolutionConfigurationPlatforms) = preSolution
		Debug|Any CPU = Debug|Any CPU
		Release|Any CPU = Release|Any CPU
	EndGlobalSection
	GlobalSection(ProjectConfigurationPlatforms) = postSolution
		{0C05B4C5-C70B-4709-B9EB-167B9436FE90}.Debug|Any CPU.ActiveCfg = Debug|Any CPU
		{0C05B4C5-C70B-4709-B9EB-167B9436FE90}.Debug|Any CPU.Build.0 = Debug|Any CPU
		{0C05B4C5-C70B-4709-B9EB-167B9436FE90}.Release|Any CPU.ActiveCfg = Release|Any CPU
		{0C05B4C5-C70B-4709-B9EB-167B9436FE90}.Release|Any CPU.Build.0 = Release|Any CPU
		{92B340E2-FBC7-4F79-8193-5B8E36F05AD9}.Debug|Any CPU.ActiveCfg = Debug|Any CPU
		{92B340E2-FBC7-4F79-8193-5B8E36F05AD9}.Debug|Any CPU.Build.0 = Debug|Any CPU
		{92B340E2-FBC7-4F79-8193-5B8E36F05AD9}.Release|Any CPU.ActiveCfg = Release|Any CPU
		{92B340E2-FBC7-4F79-8193-5B8E36F05AD9}.Release|Any CPU.Build.0 = Release|Any CPU
	EndGlobalSection
	GlobalSection(SolutionProperties) = preSolution
		HideSolutionNode = FALSE
	EndGlobalSection
	GlobalSection(ExtensibilityGlobals) = postSolution
		SolutionGuid = {3CA3E760-DC1D-4A2B-8831-0E40AEABD3F1}
	EndGlobalSection
EndGlobal
